
Microsoft Visual Studio Solution File, Format Version 12.00
# Visual Studio 15
VisualStudioVersion = 15.0.27428.2015
MinimumVisualStudioVersion = 10.0.40219.1
Project("{8BC9CEB8-8B4A-11D0-8D11-00A0C91BC942}") = "N_Zoom", "N_Zoom\N_Zoom.vcxproj", "{F8CBF2CF-B375-451B-84C2-5C6497F30965}"
EndProject
Global
	GlobalSection(SolutionConfigurationPlatforms) = preSolution
		Debug|x64 = Debug|x64
		Debug|x86 = Debug|x86
		Release|x64 = Release|x64
		Release|x86 = Release|x86
	EndGlobalSection
	GlobalSection(ProjectConfigurationPlatforms) = postSolution
		{F8CBF2CF-B375-451B-84C2-5C6497F30965}.Debug|x64.ActiveCfg = Debug|x64
		{F8CBF2CF-B375-451B-84C2-5C6497F30965}.Debug|x64.Build.0 = Debug|x64
		{F8CBF2CF-B375-451B-84C2-5C6497F30965}.Debug|x86.ActiveCfg = Debug|Win32
		{F8CBF2CF-B375-451B-84C2-5C6497F30965}.Debug|x86.Build.0 = Debug|Win32
		{F8CBF2CF-B375-451B-84C2-5C6497F30965}.Release|x64.ActiveCfg = Release|x64
		{F8CBF2CF-B375-451B-84C2-5C6497F30965}.Release|x64.Build.0 = Release|x64
		{F8CBF2CF-B375-451B-84C2-5C6497F30965}.Release|x86.ActiveCfg = Release|Win32
		{F8CBF2CF-B375-451B-84C2-5C6497F30965}.Release|x86.Build.0 = Release|Win32
	EndGlobalSection
	GlobalSection(SolutionProperties) = preSolution
		HideSolutionNode = FALSE
	EndGlobalSection
	GlobalSection(ExtensibilityGlobals) = postSolution
		SolutionGuid = {F892E4DE-0B12-4A12-BEE3-C27E69AC0177}
	EndGlobalSection
EndGlobal
